
Microsoft Visual Studio Solution File, Format Version 12.00
Project("{FAE04EC0-301F-11D3-BF4B-00C04F79EFBC}") = "Core", "Core\Core.csproj", "{0593F06F-9125-48BC-A57C-20DEF766705D}"
EndProject
Project("{FAE04EC0-301F-11D3-BF4B-00C04F79EFBC}") = "Osmalyzer", "Osmalyzer\Osmalyzer.csproj", "{17F42B57-B45F-420E-AA8D-42E1B2639C01}"
EndProject
Project("{FAE04EC0-301F-11D3-BF4B-00C04F79EFBC}") = "CoreTests", "CoreTests\CoreTests.csproj", "{DD4978F6-2524-4851-96DC-E2BFE7C059C0}"
EndProject
Global
	GlobalSection(SolutionConfigurationPlatforms) = preSolution
		Debug|Any CPU = Debug|Any CPU
		Release|Any CPU = Release|Any CPU
	EndGlobalSection
	GlobalSection(ProjectConfigurationPlatforms) = postSolution
		{0593F06F-9125-48BC-A57C-20DEF766705D}.Debug|Any CPU.ActiveCfg = Debug|Any CPU
		{0593F06F-9125-48BC-A57C-20DEF766705D}.Debug|Any CPU.Build.0 = Debug|Any CPU
		{0593F06F-9125-48BC-A57C-20DEF766705D}.Release|Any CPU.ActiveCfg = Release|Any CPU
		{0593F06F-9125-48BC-A57C-20DEF766705D}.Release|Any CPU.Build.0 = Release|Any CPU
		{17F42B57-B45F-420E-AA8D-42E1B2639C01}.Debug|Any CPU.ActiveCfg = Debug|Any CPU
		{17F42B57-B45F-420E-AA8D-42E1B2639C01}.Debug|Any CPU.Build.0 = Debug|Any CPU
		{17F42B57-B45F-420E-AA8D-42E1B2639C01}.Release|Any CPU.ActiveCfg = Release|Any CPU
		{17F42B57-B45F-420E-AA8D-42E1B2639C01}.Release|Any CPU.Build.0 = Release|Any CPU
		{DD4978F6-2524-4851-96DC-E2BFE7C059C0}.Debug|Any CPU.ActiveCfg = Debug|Any CPU
		{DD4978F6-2524-4851-96DC-E2BFE7C059C0}.Debug|Any CPU.Build.0 = Debug|Any CPU
		{DD4978F6-2524-4851-96DC-E2BFE7C059C0}.Release|Any CPU.ActiveCfg = Release|Any CPU
		{DD4978F6-2524-4851-96DC-E2BFE7C059C0}.Release|Any CPU.Build.0 = Release|Any CPU
	EndGlobalSection
EndGlobal
